
Microsoft Visual Studio Solution File, Format Version 12.00
# Visual Studio Version 16
VisualStudioVersion = 16.0.33927.289
MinimumVisualStudioVersion = 10.0.40219.1
Project("{2150E333-8FDC-42A3-9474-1A3956D46DE8}") = "Task0", "Task0", "{F7E537BA-31F4-4359-BDE2-EDDF4A9B2B9A}"
EndProject
Project("{FAE04EC0-301F-11D3-BF4B-00C04F79EFBC}") = "Tyuiu.TitkovAA.Sprint2.Task0.V0", "Tyuiu.TitkovAA.Sprint2.Task0.V0\Tyuiu.TitkovAA.Sprint2.Task0.V0.csproj", "{DBEB1CC9-290D-44F2-B753-610B113B2036}"
EndProject
Project("{FAE04EC0-301F-11D3-BF4B-00C04F79EFBC}") = "Tyuiu.TitkovAA.Sprint2.Task0.V0.Lib", "Tyuiu.TitkovAA.Sprint2.Task0.V0.Lib\Tyuiu.TitkovAA.Sprint2.Task0.V0.Lib.csproj", "{B228E7C1-5275-4638-99D2-FD0F3B186093}"
EndProject
Project("{FAE04EC0-301F-11D3-BF4B-00C04F79EFBC}") = "Tyuiu.TitkovAA.Sprint2.Task0.V0.Test", "Tyuiu.TitkovAA.Sprint2.Task0.V0.Test\Tyuiu.TitkovAA.Sprint2.Task0.V0.Test.csproj", "{327F41E7-E4D9-4D0B-9F1E-C44F1D686F0A}"
EndProject
Project("{2150E333-8FDC-42A3-9474-1A3956D46DE8}") = "Task1", "Task1", "{7E00CB28-A6A0-44CF-8AFB-B174F52D9D14}"
EndProject
Project("{FAE04EC0-301F-11D3-BF4B-00C04F79EFBC}") = "Tyuiu.TitkovAA.Sprint2.Task1.V0", "Tyuiu.TitkovAA.Sprint2.Task1.V0\Tyuiu.TitkovAA.Sprint2.Task1.V0.csproj", "{4D69ED9D-19E2-44A9-A365-CB9A4DA91E79}"
EndProject
Project("{FAE04EC0-301F-11D3-BF4B-00C04F79EFBC}") = "Tyuiu.TitkovAA.Sprint2.Task1.V0.Test", "Tyuiu.TitkovAA.Sprint2.Task1.V0.Test\Tyuiu.TitkovAA.Sprint2.Task1.V0.Test.csproj", "{B40D26ED-519D-4A5C-A72F-45A40F623838}"
EndProject
Project("{FAE04EC0-301F-11D3-BF4B-00C04F79EFBC}") = "Tyuiu.TitkovAA.Sprint2.Task1.V0.Lib", "Tyuiu.TitkovAA.Sprint2.Task1.V0.Lib\Tyuiu.TitkovAA.Sprint2.Task1.V0.Lib.csproj", "{4C8D4A9B-AEB6-4AA4-AE54-591D10CFEF76}"
EndProject
Project("{2150E333-8FDC-42A3-9474-1A3956D46DE8}") = "Task2", "Task2", "{8F83F072-971B-472F-AFB8-E5E9E5627DB8}"
EndProject
Project("{FAE04EC0-301F-11D3-BF4B-00C04F79EFBC}") = "Tyuiu.TitkovAA.Sprint2.Task2.V0", "Tyuiu.TitkovAA.Sprint2.Task2.V0\Tyuiu.TitkovAA.Sprint2.Task2.V0.csproj", "{29D2835F-31BE-401D-8574-1667544D420B}"
EndProject
Project("{FAE04EC0-301F-11D3-BF4B-00C04F79EFBC}") = "Tyuiu.TitkovAA.Sprint2.Task2.V0.Lib", "Tyuiu.TitkovAA.Sprint2.Task2.V0.Lib\Tyuiu.TitkovAA.Sprint2.Task2.V0.Lib.csproj", "{E718BA5E-4A0B-4F89-A227-82104AF24A8F}"
EndProject
Project("{FAE04EC0-301F-11D3-BF4B-00C04F79EFBC}") = "Tyuiu.TitkovAA.Sprint2.Task2.V0.Test", "Tyuiu.TitkovAA.Sprint2.Task2.V0.Test\Tyuiu.TitkovAA.Sprint2.Task2.V0.Test.csproj", "{3E3B558F-2354-4250-AD2D-94B2D7F8A569}"
EndProject
Project("{2150E333-8FDC-42A3-9474-1A3956D46DE8}") = "Task3", "Task3", "{E0C1DBB9-EB6D-4E1A-8C37-63557A90A970}"
EndProject
Project("{FAE04EC0-301F-11D3-BF4B-00C04F79EFBC}") = "Tyuiu.TitkovAA.Sprint2.Task3.V0", "Tyuiu.TitkovAA.Sprint2.Task3.V0\Tyuiu.TitkovAA.Sprint2.Task3.V0.csproj", "{61910EF1-A09A-4B84-B7CA-118866A87941}"
EndProject
Project("{FAE04EC0-301F-11D3-BF4B-00C04F79EFBC}") = "Tyuiu.TitkovAA.Sprint2.Task3.V0.Test", "Tyuiu.TitkovAA.Sprint2.Task3.V0.Test\Tyuiu.TitkovAA.Sprint2.Task3.V0.Test.csproj", "{0CD5CD8C-A452-4490-A31B-53BE9BD6DE45}"
EndProject
Project("{FAE04EC0-301F-11D3-BF4B-00C04F79EFBC}") = "Tyuiu.TitkovAA.Sprint2.Task3.V0.Lib", "Tyuiu.TitkovAA.Sprint2.Task3.V0.Lib\Tyuiu.TitkovAA.Sprint2.Task3.V0.Lib.csproj", "{2645A9EB-CDB0-4055-8A80-D020ED115073}"
EndProject
Project("{2150E333-8FDC-42A3-9474-1A3956D46DE8}") = "Task4", "Task4", "{543C0EB9-A61C-4847-B01F-7504728E4730}"
EndProject
Project("{FAE04EC0-301F-11D3-BF4B-00C04F79EFBC}") = "Tyuiu.TitkovAA.Sprint2.Task4.V0", "Tyuiu.TitkovAA.Sprint2.Task4.V0\Tyuiu.TitkovAA.Sprint2.Task4.V0.csproj", "{73423E99-119B-4B7E-8C9D-A1E9D0A1523E}"
EndProject
Project("{FAE04EC0-301F-11D3-BF4B-00C04F79EFBC}") = "Tyuiu.TitkovAA.Sprint2.Task4.V0.Lib", "Tyuiu.TitkovAA.Sprint2.Task4.V0.Lib\Tyuiu.TitkovAA.Sprint2.Task4.V0.Lib.csproj", "{27EDB764-4666-42A0-8AFC-23BCD0496005}"
EndProject
Project("{FAE04EC0-301F-11D3-BF4B-00C04F79EFBC}") = "Tyuiu.TitkovAA.Sprint2.Task4.V0.Test", "Tyuiu.TitkovAA.Sprint2.Task4.V0.Test\Tyuiu.TitkovAA.Sprint2.Task4.V0.Test.csproj", "{458D862A-196A-49ED-A222-75A64F343070}"
EndProject
Project("{2150E333-8FDC-42A3-9474-1A3956D46DE8}") = "Task5", "Task5", "{C2BFF614-5405-426E-A3FB-A3DAD345C924}"
EndProject
Project("{FAE04EC0-301F-11D3-BF4B-00C04F79EFBC}") = "Tyuiu.TitkovAA.Sprint2.Task5.V0", "Tyuiu.TitkovAA.Sprint2.Task5.V0\Tyuiu.TitkovAA.Sprint2.Task5.V0.csproj", "{B7C4A22A-4F59-40DC-93BE-5D259C245475}"
EndProject
Project("{FAE04EC0-301F-11D3-BF4B-00C04F79EFBC}") = "Tyuiu.TitkovAA.Sprint2.Task5.V0.Test", "Tyuiu.TitkovAA.Sprint2.Task5.V0.Test\Tyuiu.TitkovAA.Sprint2.Task5.V0.Test.csproj", "{97DCA310-7D0F-4F69-A848-09AA2FC05E95}"
EndProject
Project("{FAE04EC0-301F-11D3-BF4B-00C04F79EFBC}") = "Tyuiu.TitkovAA.Sprint2.Task5.V0.Lib", "Tyuiu.TitkovAA.Sprint2.Task5.V0.Lib\Tyuiu.TitkovAA.Sprint2.Task5.V0.Lib.csproj", "{8BD0EA9A-48A5-4F1A-93E4-0905D035B3CB}"
EndProject
Project("{2150E333-8FDC-42A3-9474-1A3956D46DE8}") = "Task6", "Task6", "{A2C3FA1F-C17D-49AE-8E8A-A1D634A5407B}"
EndProject
Project("{FAE04EC0-301F-11D3-BF4B-00C04F79EFBC}") = "Tyuiu.TitkovAA.Sprint2.Task6.V0", "Tyuiu.TitkovAA.Sprint2.Task6.V0\Tyuiu.TitkovAA.Sprint2.Task6.V0.csproj", "{B442A0E3-5B81-4A4C-A197-3D2B7115708F}"
EndProject
Project("{FAE04EC0-301F-11D3-BF4B-00C04F79EFBC}") = "Tyuiu.TitkovAA.Sprint2.Task6.V0.Lib", "Tyuiu.TitkovAA.Sprint2.Task6.V0.Lib\Tyuiu.TitkovAA.Sprint2.Task6.V0.Lib.csproj", "{91AC1124-7B3A-4E67-AA7E-072C547016A4}"
EndProject
Project("{FAE04EC0-301F-11D3-BF4B-00C04F79EFBC}") = "Tyuiu.TitkovAA.Sprint2.Task6.V0.Test", "Tyuiu.TitkovAA.Sprint2.Task6.V0.Test\Tyuiu.TitkovAA.Sprint2.Task6.V0.Test.csproj", "{AD477C3C-34FF-4402-92BD-9BDA194DF07F}"
EndProject
Global
	GlobalSection(SolutionConfigurationPlatforms) = preSolution
		Debug|Any CPU = Debug|Any CPU
		Release|Any CPU = Release|Any CPU
	EndGlobalSection
	GlobalSection(ProjectConfigurationPlatforms) = postSolution
		{DBEB1CC9-290D-44F2-B753-610B113B2036}.Debug|Any CPU.ActiveCfg = Debug|Any CPU
		{DBEB1CC9-290D-44F2-B753-610B113B2036}.Debug|Any CPU.Build.0 = Debug|Any CPU
		{DBEB1CC9-290D-44F2-B753-610B113B2036}.Release|Any CPU.ActiveCfg = Release|Any CPU
		{DBEB1CC9-290D-44F2-B753-610B113B2036}.Release|Any CPU.Build.0 = Release|Any CPU
		{B228E7C1-5275-4638-99D2-FD0F3B186093}.Debug|Any CPU.ActiveCfg = Debug|Any CPU
		{B228E7C1-5275-4638-99D2-FD0F3B186093}.Debug|Any CPU.Build.0 = Debug|Any CPU
		{B228E7C1-5275-4638-99D2-FD0F3B186093}.Release|Any CPU.ActiveCfg = Release|Any CPU
		{B228E7C1-5275-4638-99D2-FD0F3B186093}.Release|Any CPU.Build.0 = Release|Any CPU
		{327F41E7-E4D9-4D0B-9F1E-C44F1D686F0A}.Debug|Any CPU.ActiveCfg = Debug|Any CPU
		{327F41E7-E4D9-4D0B-9F1E-C44F1D686F0A}.Debug|Any CPU.Build.0 = Debug|Any CPU
		{327F41E7-E4D9-4D0B-9F1E-C44F1D686F0A}.Release|Any CPU.ActiveCfg = Release|Any CPU
		{327F41E7-E4D9-4D0B-9F1E-C44F1D686F0A}.Release|Any CPU.Build.0 = Release|Any CPU
		{4D69ED9D-19E2-44A9-A365-CB9A4DA91E79}.Debug|Any CPU.ActiveCfg = Debug|Any CPU
		{4D69ED9D-19E2-44A9-A365-CB9A4DA91E79}.Debug|Any CPU.Build.0 = Debug|Any CPU
		{4D69ED9D-19E2-44A9-A365-CB9A4DA91E79}.Release|Any CPU.ActiveCfg = Release|Any CPU
		{4D69ED9D-19E2-44A9-A365-CB9A4DA91E79}.Release|Any CPU.Build.0 = Release|Any CPU
		{B40D26ED-519D-4A5C-A72F-45A40F623838}.Debug|Any CPU.ActiveCfg = Debug|Any CPU
		{B40D26ED-519D-4A5C-A72F-45A40F623838}.Debug|Any CPU.Build.0 = Debug|Any CPU
		{B40D26ED-519D-4A5C-A72F-45A40F623838}.Release|Any CPU.ActiveCfg = Release|Any CPU
		{B40D26ED-519D-4A5C-A72F-45A40F623838}.Release|Any CPU.Build.0 = Release|Any CPU
		{4C8D4A9B-AEB6-4AA4-AE54-591D10CFEF76}.Debug|Any CPU.ActiveCfg = Debug|Any CPU
		{4C8D4A9B-AEB6-4AA4-AE54-591D10CFEF76}.Debug|Any CPU.Build.0 = Debug|Any CPU
		{4C8D4A9B-AEB6-4AA4-AE54-591D10CFEF76}.Release|Any CPU.ActiveCfg = Release|Any CPU
		{4C8D4A9B-AEB6-4AA4-AE54-591D10CFEF76}.Release|Any CPU.Build.0 = Release|Any CPU
		{29D2835F-31BE-401D-8574-1667544D420B}.Debug|Any CPU.ActiveCfg = Debug|Any CPU
		{29D2835F-31BE-401D-8574-1667544D420B}.Debug|Any CPU.Build.0 = Debug|Any CPU
		{29D2835F-31BE-401D-8574-1667544D420B}.Release|Any CPU.ActiveCfg = Release|Any CPU
		{29D2835F-31BE-401D-8574-1667544D420B}.Release|Any CPU.Build.0 = Release|Any CPU
		{E718BA5E-4A0B-4F89-A227-82104AF24A8F}.Debug|Any CPU.ActiveCfg = Debug|Any CPU
		{E718BA5E-4A0B-4F89-A227-82104AF24A8F}.Debug|Any CPU.Build.0 = Debug|Any CPU
		{E718BA5E-4A0B-4F89-A227-82104AF24A8F}.Release|Any CPU.ActiveCfg = Release|Any CPU
		{E718BA5E-4A0B-4F89-A227-82104AF24A8F}.Release|Any CPU.Build.0 = Release|Any CPU
		{3E3B558F-2354-4250-AD2D-94B2D7F8A569}.Debug|Any CPU.ActiveCfg = Debug|Any CPU
		{3E3B558F-2354-4250-AD2D-94B2D7F8A569}.Debug|Any CPU.Build.0 = Debug|Any CPU
		{3E3B558F-2354-4250-AD2D-94B2D7F8A569}.Release|Any CPU.ActiveCfg = Release|Any CPU
		{3E3B558F-2354-4250-AD2D-94B2D7F8A569}.Release|Any CPU.Build.0 = Release|Any CPU
		{61910EF1-A09A-4B84-B7CA-118866A87941}.Debug|Any CPU.ActiveCfg = Debug|Any CPU
		{61910EF1-A09A-4B84-B7CA-118866A87941}.Debug|Any CPU.Build.0 = Debug|Any CPU
		{61910EF1-A09A-4B84-B7CA-118866A87941}.Release|Any CPU.ActiveCfg = Release|Any CPU
		{61910EF1-A09A-4B84-B7CA-118866A87941}.Release|Any CPU.Build.0 = Release|Any CPU
		{0CD5CD8C-A452-4490-A31B-53BE9BD6DE45}.Debug|Any CPU.ActiveCfg = Debug|Any CPU
		{0CD5CD8C-A452-4490-A31B-53BE9BD6DE45}.Debug|Any CPU.Build.0 = Debug|Any CPU
		{0CD5CD8C-A452-4490-A31B-53BE9BD6DE45}.Release|Any CPU.ActiveCfg = Release|Any CPU
		{0CD5CD8C-A452-4490-A31B-53BE9BD6DE45}.Release|Any CPU.Build.0 = Release|Any CPU
		{2645A9EB-CDB0-4055-8A80-D020ED115073}.Debug|Any CPU.ActiveCfg = Debug|Any CPU
		{2645A9EB-CDB0-4055-8A80-D020ED115073}.Debug|Any CPU.Build.0 = Debug|Any CPU
		{2645A9EB-CDB0-4055-8A80-D020ED115073}.Release|Any CPU.ActiveCfg = Release|Any CPU
		{2645A9EB-CDB0-4055-8A80-D020ED115073}.Release|Any CPU.Build.0 = Release|Any CPU
		{73423E99-119B-4B7E-8C9D-A1E9D0A1523E}.Debug|Any CPU.ActiveCfg = Debug|Any CPU
		{73423E99-119B-4B7E-8C9D-A1E9D0A1523E}.Debug|Any CPU.Build.0 = Debug|Any CPU
		{73423E99-119B-4B7E-8C9D-A1E9D0A1523E}.Release|Any CPU.ActiveCfg = Release|Any CPU
		{73423E99-119B-4B7E-8C9D-A1E9D0A1523E}.Release|Any CPU.Build.0 = Release|Any CPU
		{27EDB764-4666-42A0-8AFC-23BCD0496005}.Debug|Any CPU.ActiveCfg = Debug|Any CPU
		{27EDB764-4666-42A0-8AFC-23BCD0496005}.Debug|Any CPU.Build.0 = Debug|Any CPU
		{27EDB764-4666-42A0-8AFC-23BCD0496005}.Release|Any CPU.ActiveCfg = Release|Any CPU
		{27EDB764-4666-42A0-8AFC-23BCD0496005}.Release|Any CPU.Build.0 = Release|Any CPU
		{458D862A-196A-49ED-A222-75A64F343070}.Debug|Any CPU.ActiveCfg = Debug|Any CPU
		{458D862A-196A-49ED-A222-75A64F343070}.Debug|Any CPU.Build.0 = Debug|Any CPU
		{458D862A-196A-49ED-A222-75A64F343070}.Release|Any CPU.ActiveCfg = Release|Any CPU
		{458D862A-196A-49ED-A222-75A64F343070}.Release|Any CPU.Build.0 = Release|Any CPU
		{B7C4A22A-4F59-40DC-93BE-5D259C245475}.Debug|Any CPU.ActiveCfg = Debug|Any CPU
		{B7C4A22A-4F59-40DC-93BE-5D259C245475}.Debug|Any CPU.Build.0 = Debug|Any CPU
		{B7C4A22A-4F59-40DC-93BE-5D259C245475}.Release|Any CPU.ActiveCfg = Release|Any CPU
		{B7C4A22A-4F59-40DC-93BE-5D259C245475}.Release|Any CPU.Build.0 = Release|Any CPU
		{97DCA310-7D0F-4F69-A848-09AA2FC05E95}.Debug|Any CPU.ActiveCfg = Debug|Any CPU
		{97DCA310-7D0F-4F69-A848-09AA2FC05E95}.Debug|Any CPU.Build.0 = Debug|Any CPU
		{97DCA310-7D0F-4F69-A848-09AA2FC05E95}.Release|Any CPU.ActiveCfg = Release|Any CPU
		{97DCA310-7D0F-4F69-A848-09AA2FC05E95}.Release|Any CPU.Build.0 = Release|Any CPU
		{8BD0EA9A-48A5-4F1A-93E4-0905D035B3CB}.Debug|Any CPU.ActiveCfg = Debug|Any CPU
		{8BD0EA9A-48A5-4F1A-93E4-0905D035B3CB}.Debug|Any CPU.Build.0 = Debug|Any CPU
		{8BD0EA9A-48A5-4F1A-93E4-0905D035B3CB}.Release|Any CPU.ActiveCfg = Release|Any CPU
		{8BD0EA9A-48A5-4F1A-93E4-0905D035B3CB}.Release|Any CPU.Build.0 = Release|Any CPU
		{B442A0E3-5B81-4A4C-A197-3D2B7115708F}.Debug|Any CPU.ActiveCfg = Debug|Any CPU
		{B442A0E3-5B81-4A4C-A197-3D2B7115708F}.Debug|Any CPU.Build.0 = Debug|Any CPU
		{B442A0E3-5B81-4A4C-A197-3D2B7115708F}.Release|Any CPU.ActiveCfg = Release|Any CPU
		{B442A0E3-5B81-4A4C-A197-3D2B7115708F}.Release|Any CPU.Build.0 = Release|Any CPU
		{91AC1124-7B3A-4E67-AA7E-072C547016A4}.Debug|Any CPU.ActiveCfg = Debug|Any CPU
		{91AC1124-7B3A-4E67-AA7E-072C547016A4}.Debug|Any CPU.Build.0 = Debug|Any CPU
		{91AC1124-7B3A-4E67-AA7E-072C547016A4}.Release|Any CPU.ActiveCfg = Release|Any CPU
		{91AC1124-7B3A-4E67-AA7E-072C547016A4}.Release|Any CPU.Build.0 = Release|Any CPU
		{AD477C3C-34FF-4402-92BD-9BDA194DF07F}.Debug|Any CPU.ActiveCfg = Debug|Any CPU
		{AD477C3C-34FF-4402-92BD-9BDA194DF07F}.Debug|Any CPU.Build.0 = Debug|Any CPU
		{AD477C3C-34FF-4402-92BD-9BDA194DF07F}.Release|Any CPU.ActiveCfg = Release|Any CPU
		{AD477C3C-34FF-4402-92BD-9BDA194DF07F}.Release|Any CPU.Build.0 = Release|Any CPU
	EndGlobalSection
	GlobalSection(SolutionProperties) = preSolution
		HideSolutionNode = FALSE
	EndGlobalSection
	GlobalSection(NestedProjects) = preSolution
		{DBEB1CC9-290D-44F2-B753-610B113B2036} = {F7E537BA-31F4-4359-BDE2-EDDF4A9B2B9A}
		{B228E7C1-5275-4638-99D2-FD0F3B186093} = {F7E537BA-31F4-4359-BDE2-EDDF4A9B2B9A}
		{327F41E7-E4D9-4D0B-9F1E-C44F1D686F0A} = {F7E537BA-31F4-4359-BDE2-EDDF4A9B2B9A}
		{4D69ED9D-19E2-44A9-A365-CB9A4DA91E79} = {7E00CB28-A6A0-44CF-8AFB-B174F52D9D14}
		{B40D26ED-519D-4A5C-A72F-45A40F623838} = {7E00CB28-A6A0-44CF-8AFB-B174F52D9D14}
		{4C8D4A9B-AEB6-4AA4-AE54-591D10CFEF76} = {7E00CB28-A6A0-44CF-8AFB-B174F52D9D14}
		{29D2835F-31BE-401D-8574-1667544D420B} = {8F83F072-971B-472F-AFB8-E5E9E5627DB8}
		{E718BA5E-4A0B-4F89-A227-82104AF24A8F} = {8F83F072-971B-472F-AFB8-E5E9E5627DB8}
		{3E3B558F-2354-4250-AD2D-94B2D7F8A569} = {8F83F072-971B-472F-AFB8-E5E9E5627DB8}
		{61910EF1-A09A-4B84-B7CA-118866A87941} = {E0C1DBB9-EB6D-4E1A-8C37-63557A90A970}
		{0CD5CD8C-A452-4490-A31B-53BE9BD6DE45} = {E0C1DBB9-EB6D-4E1A-8C37-63557A90A970}
		{2645A9EB-CDB0-4055-8A80-D020ED115073} = {E0C1DBB9-EB6D-4E1A-8C37-63557A90A970}
		{73423E99-119B-4B7E-8C9D-A1E9D0A1523E} = {543C0EB9-A61C-4847-B01F-7504728E4730}
		{27EDB764-4666-42A0-8AFC-23BCD0496005} = {543C0EB9-A61C-4847-B01F-7504728E4730}
		{458D862A-196A-49ED-A222-75A64F343070} = {543C0EB9-A61C-4847-B01F-7504728E4730}
		{B7C4A22A-4F59-40DC-93BE-5D259C245475} = {C2BFF614-5405-426E-A3FB-A3DAD345C924}
		{97DCA310-7D0F-4F69-A848-09AA2FC05E95} = {C2BFF614-5405-426E-A3FB-A3DAD345C924}
		{8BD0EA9A-48A5-4F1A-93E4-0905D035B3CB} = {C2BFF614-5405-426E-A3FB-A3DAD345C924}
		{B442A0E3-5B81-4A4C-A197-3D2B7115708F} = {A2C3FA1F-C17D-49AE-8E8A-A1D634A5407B}
		{91AC1124-7B3A-4E67-AA7E-072C547016A4} = {A2C3FA1F-C17D-49AE-8E8A-A1D634A5407B}
		{AD477C3C-34FF-4402-92BD-9BDA194DF07F} = {A2C3FA1F-C17D-49AE-8E8A-A1D634A5407B}
	EndGlobalSection
	GlobalSection(ExtensibilityGlobals) = postSolution
		SolutionGuid = {A3BF39E9-97B0-4EB0-9646-3008283D479D}
	EndGlobalSection
EndGlobal
